
Microsoft Visual Studio Solution File, Format Version 12.00
# Visual Studio Version 17
VisualStudioVersion = 17.5.33502.453
MinimumVisualStudioVersion = 10.0.40219.1
Project("{FAE04EC0-301F-11D3-BF4B-00C04F79EFBC}") = "Ironside", "Ironside\Ironside.csproj", "{0774EDD8-CA3F-4E10-AD98-A084CD16A2C6}"
EndProject
Project("{FAE04EC0-301F-11D3-BF4B-00C04F79EFBC}") = "FleetingCanvas", "FleetingCanvas\FleetingCanvas.csproj", "{B31F838F-2FA2-4D84-A1FC-9B8A37A24DCA}"
EndProject
Global
	GlobalSection(SolutionConfigurationPlatforms) = preSolution
		Debug|Any CPU = Debug|Any CPU
		Release|Any CPU = Release|Any CPU
	EndGlobalSection
	GlobalSection(ProjectConfigurationPlatforms) = postSolution
		{0774EDD8-CA3F-4E10-AD98-A084CD16A2C6}.Debug|Any CPU.ActiveCfg = Debug|Any CPU
		{0774EDD8-CA3F-4E10-AD98-A084CD16A2C6}.Debug|Any CPU.Build.0 = Debug|Any CPU
		{0774EDD8-CA3F-4E10-AD98-A084CD16A2C6}.Release|Any CPU.ActiveCfg = Release|Any CPU
		{0774EDD8-CA3F-4E10-AD98-A084CD16A2C6}.Release|Any CPU.Build.0 = Release|Any CPU
		{B31F838F-2FA2-4D84-A1FC-9B8A37A24DCA}.Debug|Any CPU.ActiveCfg = Debug|Any CPU
		{B31F838F-2FA2-4D84-A1FC-9B8A37A24DCA}.Debug|Any CPU.Build.0 = Debug|Any CPU
		{B31F838F-2FA2-4D84-A1FC-9B8A37A24DCA}.Release|Any CPU.ActiveCfg = Release|Any CPU
		{B31F838F-2FA2-4D84-A1FC-9B8A37A24DCA}.Release|Any CPU.Build.0 = Release|Any CPU
	EndGlobalSection
	GlobalSection(SolutionProperties) = preSolution
		HideSolutionNode = FALSE
	EndGlobalSection
	GlobalSection(ExtensibilityGlobals) = postSolution
		SolutionGuid = {FF54C259-E2A1-44D5-96FE-C3C45DCC6289}
	EndGlobalSection
EndGlobal
